
Microsoft Visual Studio Solution File, Format Version 12.00
# Visual Studio 15
VisualStudioVersion = 15.0.27130.2036
MinimumVisualStudioVersion = 10.0.40219.1
Project("{8BC9CEB8-8B4A-11D0-8D11-00A0C91BC942}") = "ov_visual_01", "ov_visual_01\ov_visual_01.vcxproj", "{9B7E39D3-5B52-4D08-B73A-53BF13D24E50}"
EndProject
Global
	GlobalSection(SolutionConfigurationPlatforms) = preSolution
		Debug|x64 = Debug|x64
		Debug|x86 = Debug|x86
		Release|x64 = Release|x64
		Release|x86 = Release|x86
	EndGlobalSection
	GlobalSection(ProjectConfigurationPlatforms) = postSolution
		{9B7E39D3-5B52-4D08-B73A-53BF13D24E50}.Debug|x64.ActiveCfg = Debug|x64
		{9B7E39D3-5B52-4D08-B73A-53BF13D24E50}.Debug|x64.Build.0 = Debug|x64
		{9B7E39D3-5B52-4D08-B73A-53BF13D24E50}.Debug|x86.ActiveCfg = Debug|Win32
		{9B7E39D3-5B52-4D08-B73A-53BF13D24E50}.Debug|x86.Build.0 = Debug|Win32
		{9B7E39D3-5B52-4D08-B73A-53BF13D24E50}.Release|x64.ActiveCfg = Release|x64
		{9B7E39D3-5B52-4D08-B73A-53BF13D24E50}.Release|x64.Build.0 = Release|x64
		{9B7E39D3-5B52-4D08-B73A-53BF13D24E50}.Release|x86.ActiveCfg = Release|Win32
		{9B7E39D3-5B52-4D08-B73A-53BF13D24E50}.Release|x86.Build.0 = Release|Win32
	EndGlobalSection
	GlobalSection(SolutionProperties) = preSolution
		HideSolutionNode = FALSE
	EndGlobalSection
	GlobalSection(ExtensibilityGlobals) = postSolution
		SolutionGuid = {F30F3B98-DE91-473F-96A5-D1C46856F9BF}
	EndGlobalSection
EndGlobal
